
Microsoft Visual Studio Solution File, Format Version 12.00
# Visual Studio Version 16
VisualStudioVersion = 16.0.30002.166
MinimumVisualStudioVersion = 10.0.40219.1
Project("{FAE04EC0-301F-11D3-BF4B-00C04F79EFBC}") = "vectorLibrary", "vectorLibrary\vectorLibrary.csproj", "{DAA6292C-FBB2-413E-B7FD-717DE733764B}"
EndProject
Project("{FAE04EC0-301F-11D3-BF4B-00C04F79EFBC}") = "geometryLibrary", "geometryLibrary\geometryLibrary.csproj", "{83CD8DAF-9C8F-4BD8-BA47-712FA44CB12F}"
EndProject
Project("{FAE04EC0-301F-11D3-BF4B-00C04F79EFBC}") = "WindowsFormsApp1", "WindowsFormsApp1\WindowsFormsApp1.csproj", "{8979F5F8-4BFF-44B2-A016-F72330092AB2}"
EndProject
Global
	GlobalSection(SolutionConfigurationPlatforms) = preSolution
		Debug|Any CPU = Debug|Any CPU
		Release|Any CPU = Release|Any CPU
	EndGlobalSection
	GlobalSection(ProjectConfigurationPlatforms) = postSolution
		{DAA6292C-FBB2-413E-B7FD-717DE733764B}.Debug|Any CPU.ActiveCfg = Debug|Any CPU
		{DAA6292C-FBB2-413E-B7FD-717DE733764B}.Debug|Any CPU.Build.0 = Debug|Any CPU
		{DAA6292C-FBB2-413E-B7FD-717DE733764B}.Release|Any CPU.ActiveCfg = Release|Any CPU
		{DAA6292C-FBB2-413E-B7FD-717DE733764B}.Release|Any CPU.Build.0 = Release|Any CPU
		{83CD8DAF-9C8F-4BD8-BA47-712FA44CB12F}.Debug|Any CPU.ActiveCfg = Debug|Any CPU
		{83CD8DAF-9C8F-4BD8-BA47-712FA44CB12F}.Debug|Any CPU.Build.0 = Debug|Any CPU
		{83CD8DAF-9C8F-4BD8-BA47-712FA44CB12F}.Release|Any CPU.ActiveCfg = Release|Any CPU
		{83CD8DAF-9C8F-4BD8-BA47-712FA44CB12F}.Release|Any CPU.Build.0 = Release|Any CPU
		{8979F5F8-4BFF-44B2-A016-F72330092AB2}.Debug|Any CPU.ActiveCfg = Debug|Any CPU
		{8979F5F8-4BFF-44B2-A016-F72330092AB2}.Debug|Any CPU.Build.0 = Debug|Any CPU
		{8979F5F8-4BFF-44B2-A016-F72330092AB2}.Release|Any CPU.ActiveCfg = Release|Any CPU
		{8979F5F8-4BFF-44B2-A016-F72330092AB2}.Release|Any CPU.Build.0 = Release|Any CPU
	EndGlobalSection
	GlobalSection(SolutionProperties) = preSolution
		HideSolutionNode = FALSE
	EndGlobalSection
	GlobalSection(ExtensibilityGlobals) = postSolution
		SolutionGuid = {959FDF89-48A9-4C65-96DA-749591C86484}
	EndGlobalSection
EndGlobal
